
Microsoft Visual Studio Solution File, Format Version 12.00
# Visual Studio Version 16
VisualStudioVersion = 16.0.30611.23
MinimumVisualStudioVersion = 10.0.40219.1
Project("{FAE04EC0-301F-11D3-BF4B-00C04F79EFBC}") = "WorkersList", "WorkersList.csproj", "{B5A4F227-806D-4E17-8473-7673C7E6BA3D}"
EndProject
Global
	GlobalSection(SolutionConfigurationPlatforms) = preSolution
		Debug|Any CPU = Debug|Any CPU
		Release|Any CPU = Release|Any CPU
	EndGlobalSection
	GlobalSection(ProjectConfigurationPlatforms) = postSolution
		{B5A4F227-806D-4E17-8473-7673C7E6BA3D}.Debug|Any CPU.ActiveCfg = Debug|Any CPU
		{B5A4F227-806D-4E17-8473-7673C7E6BA3D}.Debug|Any CPU.Build.0 = Debug|Any CPU
		{B5A4F227-806D-4E17-8473-7673C7E6BA3D}.Release|Any CPU.ActiveCfg = Release|Any CPU
		{B5A4F227-806D-4E17-8473-7673C7E6BA3D}.Release|Any CPU.Build.0 = Release|Any CPU
	EndGlobalSection
	GlobalSection(SolutionProperties) = preSolution
		HideSolutionNode = FALSE
	EndGlobalSection
	GlobalSection(ExtensibilityGlobals) = postSolution
		SolutionGuid = {A44BC08F-C570-41F2-8694-0008FD83279F}
	EndGlobalSection
EndGlobal
